// !$*UTF8*$!
{
	archiveVersion = 1;
	classes = {
	};
	objectVersion = 46;
	objects = {

/* Begin PBXBuildFile section */
		03AFB6E56D541801D1A8443B /* GlobalHotKeyController.swift in Sources */ = {isa = PBXBuildFile; fileRef = 5A23AFE1D5E41B4E48920211 /* GlobalHotKeyController.swift */; };
		09A589BAB42126C656B0B978 /* Sparkle in Frameworks */ = {isa = PBXBuildFile; productRef = 3A79001075CA0A207EF4867C /* Sparkle */; };
		0CCF5B9FA817324B5C30FC54 /* UsageBeaconApp.swift in Sources */ = {isa = PBXBuildFile; fileRef = D02E722FA87AE1236548D7BF /* UsageBeaconApp.swift */; };
		0CEDDFF676DE9ED7B61573A8 /* GoogleService-Info.plist in Resources */ = {isa = PBXBuildFile; fileRef = 0DB558AC46FBE0176D666FC2 /* GoogleService-Info.plist */; };
		0E1230841763118045207189 /* CursorDashboardSessionController.swift in Sources */ = {isa = PBXBuildFile; fileRef = BCCF301FC24077D8D6D99FBD /* CursorDashboardSessionController.swift */; };
		120FEA3BB891BAFDBB263641 /* SwiftUI.framework in Frameworks */ = {isa = PBXBuildFile; fileRef = F0DC646C30EE8F5C74EA501D /* SwiftUI.framework */; };
		1CBA5B07B6F671629BADF751 /* Models.swift in Sources */ = {isa = PBXBuildFile; fileRef = 804B3DBF024069796F9F6FB7 /* Models.swift */; };
		1DA96FA23D02A0224D6729D0 /* BeaconDesignSystem.swift in Sources */ = {isa = PBXBuildFile; fileRef = 82750300F1571CB4C143CEC4 /* BeaconDesignSystem.swift */; };
		1F3B8E659B291ED29BB8EC3F /* HTTPClient.swift in Sources */ = {isa = PBXBuildFile; fileRef = FBB65BADB21A43B1EFBB9E87 /* HTTPClient.swift */; };
		2896E5CC1AC8159E60F8882C /* Cocoa.framework in Frameworks */ = {isa = PBXBuildFile; fileRef = 65DF1187F9E3A1A0C097AF18 /* Cocoa.framework */; };
		2A2ED39E93F1BDCA2317D9C0 /* ServiceManagement.framework in Frameworks */ = {isa = PBXBuildFile; fileRef = 2C4A2FDCA8BB5B4FFF3ABAB9 /* ServiceManagement.framework */; };
		31A99BCEB12F6F8D546AD65F /* ManualBudgetProvider.swift in Sources */ = {isa = PBXBuildFile; fileRef = E67266406F29D16F4CDC6A9B /* ManualBudgetProvider.swift */; };
		3C9E42BF7A69C6A3EF5CF628 /* WorkingDayService.swift in Sources */ = {isa = PBXBuildFile; fileRef = 8A9D6C31D133DBB15FB6C9DE /* WorkingDayService.swift */; };
		53D839801DF44A9A166D5D88 /* UpdaterController.swift in Sources */ = {isa = PBXBuildFile; fileRef = 6C8783AC7E15CC2C4A6B4D60 /* UpdaterController.swift */; };
		585764ECB24D98BE0958EE94 /* CustomRESTProvider.swift in Sources */ = {isa = PBXBuildFile; fileRef = 5E906E02BAF83374E9A3D7AF /* CustomRESTProvider.swift */; };
		66AAFF4570331380C7E538A5 /* libUsageBeaconShared.a in Frameworks */ = {isa = PBXBuildFile; fileRef = FE0E4DCC92FE085E95920DC7 /* libUsageBeaconShared.a */; };
		70ED6D5AC044569DA6289D53 /* LaunchAtLoginController.swift in Sources */ = {isa = PBXBuildFile; fileRef = 6A5528CBCAE637FFD970C1D8 /* LaunchAtLoginController.swift */; };
		754E4065A4A98C9D0D7CBDC4 /* Security.framework in Frameworks */ = {isa = PBXBuildFile; fileRef = 81595E1D75357E424641EC7B /* Security.framework */; };
		75C1EBB2367B37FC28EA6D65 /* SecretStore.swift in Sources */ = {isa = PBXBuildFile; fileRef = 919829F8C07E296C28D75101 /* SecretStore.swift */; };
		7736E644C5CBD420AA4330EB /* AppKit.framework in Frameworks */ = {isa = PBXBuildFile; fileRef = 238513D5635355763E5BA56D /* AppKit.framework */; };
		85C29EB076023CD437BC75A1 /* EventKit.framework in Frameworks */ = {isa = PBXBuildFile; fileRef = AA23E4535B6103B0005338C8 /* EventKit.framework */; };
		8B4FD20D8AB51E0BF46733BB /* FirebaseCore in Frameworks */ = {isa = PBXBuildFile; productRef = A262B4CB92F5F04523A0F3BC /* FirebaseCore */; };
		8B6E1F009457A88DBFBE8DE7 /* CodexProvider.swift in Sources */ = {isa = PBXBuildFile; fileRef = B179B33C7CD6FD69D20F69B3 /* CodexProvider.swift */; };
		97CB78C87BE2FF20184F97B3 /* ClaudeDashboardSessionController.swift in Sources */ = {isa = PBXBuildFile; fileRef = A8E23EBA8E6CAF33323FCDF6 /* ClaudeDashboardSessionController.swift */; };
		9BA66F3A3333131259FDA4F0 /* WidgetSnapshot.swift in Sources */ = {isa = PBXBuildFile; fileRef = 77A019E9333E536DD093210C /* WidgetSnapshot.swift */; };
		9C7BC3C18B271041E16B966F /* CursorAdminProvider.swift in Sources */ = {isa = PBXBuildFile; fileRef = CB0EB12600080FA2C3EEA8AC /* CursorAdminProvider.swift */; };
		9CD9D70AAAF22D9A39CA4DAD /* WebKit.framework in Frameworks */ = {isa = PBXBuildFile; fileRef = ED64FB002C50AA34D063BD9F /* WebKit.framework */; };
		A11BF28594B6CADFE5BA05BE /* ConfigurationStore.swift in Sources */ = {isa = PBXBuildFile; fileRef = C24DCC0AA90F7D48A4CEECDB /* ConfigurationStore.swift */; };
		A9124B0E213D676E8D88AA7D /* AppModel.swift in Sources */ = {isa = PBXBuildFile; fileRef = ABC3616D9F93197141596954 /* AppModel.swift */; };
		A9B54DFDD4E2F21D40D91A70 /* AnthropicAdminProvider.swift in Sources */ = {isa = PBXBuildFile; fileRef = CCD5E782ACB7BB419E90807D /* AnthropicAdminProvider.swift */; };
		ADAC595A6D6CE7EF87F9FF2D /* SwiftUI.framework in Frameworks */ = {isa = PBXBuildFile; fileRef = F0DC646C30EE8F5C74EA501D /* SwiftUI.framework */; };
		B3DA93BCB1FC0E27801701E0 /* SettingsView.swift in Sources */ = {isa = PBXBuildFile; fileRef = 226DFCE62011F30A74BC4F5E /* SettingsView.swift */; };
		B54DCB3984693AD443E0EA22 /* UsageBeaconWidget.swift in Sources */ = {isa = PBXBuildFile; fileRef = 98C3CD007D3C90A08B5DF8B5 /* UsageBeaconWidget.swift */; };
		BB4AF5E887F0AA97FDD8A3A2 /* ClaudePersonalProvider.swift in Sources */ = {isa = PBXBuildFile; fileRef = 189BF27F252224E431471A80 /* ClaudePersonalProvider.swift */; };
		BB6880820D75889031B1479B /* WidgetKit.framework in Frameworks */ = {isa = PBXBuildFile; fileRef = 793F6A46D3CFBD410F339D38 /* WidgetKit.framework */; };
		C0EB8B3F3D293F5DA4EEA995 /* UsageBeaconWidget.appex in Embed App Extensions */ = {isa = PBXBuildFile; fileRef = 6A2ED6D723473F300597A0FE /* UsageBeaconWidget.appex */; settings = {ATTRIBUTES = (RemoveHeadersOnCopy, ); }; };
		C1D309F6B9063BEC2673FA41 /* FloatingPanelController.swift in Sources */ = {isa = PBXBuildFile; fileRef = E22FF6C6526D693F215076D1 /* FloatingPanelController.swift */; };
		C297B5AB43F7D12ED0B1D4A9 /* TelemetryController.swift in Sources */ = {isa = PBXBuildFile; fileRef = 44C5F3EEB097F7FCCCB3300C /* TelemetryController.swift */; };
		C88BDC8C76EF680C6E385010 /* CursorPersonalProvider.swift in Sources */ = {isa = PBXBuildFile; fileRef = A7082483FBDFA7CDDB40256E /* CursorPersonalProvider.swift */; };
		D0EF69D0B0FEC2E197B2ABD5 /* BudgetMath.swift in Sources */ = {isa = PBXBuildFile; fileRef = CCECB14B27BC8486573FE139 /* BudgetMath.swift */; };
		D86E98B5D70728F6BE6AEEDF /* DebugCommandRunner.swift in Sources */ = {isa = PBXBuildFile; fileRef = B19A3F0AC4CA6DC5EA368788 /* DebugCommandRunner.swift */; };
		E14BCBF067182378D76DDBC0 /* MenuBarRootView.swift in Sources */ = {isa = PBXBuildFile; fileRef = 20F5AB1135114A2D99A38DB4 /* MenuBarRootView.swift */; };
		E252A5B443DA60920C23CED5 /* Cocoa.framework in Frameworks */ = {isa = PBXBuildFile; fileRef = 65DF1187F9E3A1A0C097AF18 /* Cocoa.framework */; };
		EC47FFFD60E05F3D5766AFBA /* WidgetKit.framework in Frameworks */ = {isa = PBXBuildFile; fileRef = 793F6A46D3CFBD410F339D38 /* WidgetKit.framework */; };
		F16821567ABD7DDE9314A33B /* FirebaseCrashlytics in Frameworks */ = {isa = PBXBuildFile; productRef = 73D5304BC5EBB804F8FE3092 /* FirebaseCrashlytics */; };
		F38C2FB3E33810B3004D50C0 /* ProviderResolver.swift in Sources */ = {isa = PBXBuildFile; fileRef = D14FF1F2373A81631D7B823C /* ProviderResolver.swift */; };
		F6E69EA4337C65BBA1ADFFD8 /* AppIcon.icns in Resources */ = {isa = PBXBuildFile; fileRef = 5AE979E22FF3E3A348CD053D /* AppIcon.icns */; };
		FB03859FDBF5CBEE95BCEA7C /* libUsageBeaconShared.a in Frameworks */ = {isa = PBXBuildFile; fileRef = FE0E4DCC92FE085E95920DC7 /* libUsageBeaconShared.a */; };
		FDBF4CB1294CF88142385810 /* Carbon.framework in Frameworks */ = {isa = PBXBuildFile; fileRef = BDD312974877287B9A310ADE /* Carbon.framework */; };
		FE62C5A9A91467340D620D27 /* FirebaseAnalytics in Frameworks */ = {isa = PBXBuildFile; productRef = F66CD4477534E64444EA414C /* FirebaseAnalytics */; };
/* End PBXBuildFile section */

/* Begin PBXContainerItemProxy section */
		6E648A99FB920D261F1C3754 /* PBXContainerItemProxy */ = {
			isa = PBXContainerItemProxy;
			containerPortal = D91D618920016D2C4E8E761F /* Project object */;
			proxyType = 1;
			remoteGlobalIDString = BED8F56A0A901EB64C057BE0;
			remoteInfo = UsageBeaconShared;
		};
		948064F875D0EFB1013E837D /* PBXContainerItemProxy */ = {
			isa = PBXContainerItemProxy;
			containerPortal = D91D618920016D2C4E8E761F /* Project object */;
			proxyType = 1;
			remoteGlobalIDString = 58A203CC9011FC1143157C4D;
			remoteInfo = UsageBeaconWidget;
		};
		DBD2B94577F1325304C79637 /* PBXContainerItemProxy */ = {
			isa = PBXContainerItemProxy;
			containerPortal = D91D618920016D2C4E8E761F /* Project object */;
			proxyType = 1;
			remoteGlobalIDString = BED8F56A0A901EB64C057BE0;
			remoteInfo = UsageBeaconShared;
		};
/* End PBXContainerItemProxy section */

/* Begin PBXCopyFilesBuildPhase section */
		795F448AC485962E7878DACF /* Embed App Extensions */ = {
			isa = PBXCopyFilesBuildPhase;
			buildActionMask = 2147483647;
			dstPath = "";
			dstSubfolderSpec = 13;
			files = (
				C0EB8B3F3D293F5DA4EEA995 /* UsageBeaconWidget.appex in Embed App Extensions */,
			);
			name = "Embed App Extensions";
			runOnlyForDeploymentPostprocessing = 0;
		};
/* End PBXCopyFilesBuildPhase section */

/* Begin PBXFileReference section */
		0DB558AC46FBE0176D666FC2 /* GoogleService-Info.plist */ = {isa = PBXFileReference; includeInIndex = 1; lastKnownFileType = text.plist.xml; path = "GoogleService-Info.plist"; sourceTree = "<group>"; };
		189BF27F252224E431471A80 /* ClaudePersonalProvider.swift */ = {isa = PBXFileReference; includeInIndex = 1; lastKnownFileType = sourcecode.swift; name = ClaudePersonalProvider.swift; path = Providers/ClaudePersonalProvider.swift; sourceTree = "<group>"; };
		20F5AB1135114A2D99A38DB4 /* MenuBarRootView.swift */ = {isa = PBXFileReference; includeInIndex = 1; lastKnownFileType = sourcecode.swift; name = MenuBarRootView.swift; path = UI/MenuBarRootView.swift; sourceTree = "<group>"; };
		226DFCE62011F30A74BC4F5E /* SettingsView.swift */ = {isa = PBXFileReference; includeInIndex = 1; lastKnownFileType = sourcecode.swift; name = SettingsView.swift; path = UI/SettingsView.swift; sourceTree = "<group>"; };
		238513D5635355763E5BA56D /* AppKit.framework */ = {isa = PBXFileReference; lastKnownFileType = wrapper.framework; name = AppKit.framework; path = System/Library/Frameworks/AppKit.framework; sourceTree = SDKROOT; };
		2C4A2FDCA8BB5B4FFF3ABAB9 /* ServiceManagement.framework */ = {isa = PBXFileReference; lastKnownFileType = wrapper.framework; name = ServiceManagement.framework; path = System/Library/Frameworks/ServiceManagement.framework; sourceTree = SDKROOT; };
		38C26F3D09467A5732643EE3 /* UsageBeacon.entitlements */ = {isa = PBXFileReference; includeInIndex = 1; lastKnownFileType = text.plist.entitlements; path = UsageBeacon.entitlements; sourceTree = "<group>"; };
		44C5F3EEB097F7FCCCB3300C /* TelemetryController.swift */ = {isa = PBXFileReference; includeInIndex = 1; lastKnownFileType = sourcecode.swift; name = TelemetryController.swift; path = Services/TelemetryController.swift; sourceTree = "<group>"; };
		5A23AFE1D5E41B4E48920211 /* GlobalHotKeyController.swift */ = {isa = PBXFileReference; includeInIndex = 1; lastKnownFileType = sourcecode.swift; name = GlobalHotKeyController.swift; path = Services/GlobalHotKeyController.swift; sourceTree = "<group>"; };
		5AE979E22FF3E3A348CD053D /* AppIcon.icns */ = {isa = PBXFileReference; includeInIndex = 1; path = AppIcon.icns; sourceTree = "<group>"; };
		5E906E02BAF83374E9A3D7AF /* CustomRESTProvider.swift */ = {isa = PBXFileReference; includeInIndex = 1; lastKnownFileType = sourcecode.swift; name = CustomRESTProvider.swift; path = Providers/CustomRESTProvider.swift; sourceTree = "<group>"; };
		65DF1187F9E3A1A0C097AF18 /* Cocoa.framework */ = {isa = PBXFileReference; lastKnownFileType = wrapper.framework; name = Cocoa.framework; path = Platforms/MacOSX.platform/Developer/SDKs/MacOSX15.0.sdk/System/Library/Frameworks/Cocoa.framework; sourceTree = DEVELOPER_DIR; };
		6A2ED6D723473F300597A0FE /* UsageBeaconWidget.appex */ = {isa = PBXFileReference; explicitFileType = "wrapper.app-extension"; includeInIndex = 0; path = UsageBeaconWidget.appex; sourceTree = BUILT_PRODUCTS_DIR; };
		6A5528CBCAE637FFD970C1D8 /* LaunchAtLoginController.swift */ = {isa = PBXFileReference; includeInIndex = 1; lastKnownFileType = sourcecode.swift; name = LaunchAtLoginController.swift; path = Services/LaunchAtLoginController.swift; sourceTree = "<group>"; };
		6C8783AC7E15CC2C4A6B4D60 /* UpdaterController.swift */ = {isa = PBXFileReference; includeInIndex = 1; lastKnownFileType = sourcecode.swift; name = UpdaterController.swift; path = Services/UpdaterController.swift; sourceTree = "<group>"; };
		72789C21594DDFE68EDA0EBB /* UsageBeaconWidget.entitlements */ = {isa = PBXFileReference; includeInIndex = 1; lastKnownFileType = text.plist.entitlements; path = UsageBeaconWidget.entitlements; sourceTree = "<group>"; };
		77A019E9333E536DD093210C /* WidgetSnapshot.swift */ = {isa = PBXFileReference; includeInIndex = 1; lastKnownFileType = sourcecode.swift; path = WidgetSnapshot.swift; sourceTree = "<group>"; };
		793F6A46D3CFBD410F339D38 /* WidgetKit.framework */ = {isa = PBXFileReference; lastKnownFileType = wrapper.framework; name = WidgetKit.framework; path = System/Library/Frameworks/WidgetKit.framework; sourceTree = SDKROOT; };
		7CE8F0D32010FAE1F281A5F0 /* UsageBeaconWidget-Info.plist */ = {isa = PBXFileReference; includeInIndex = 1; lastKnownFileType = text.plist.xml; path = "UsageBeaconWidget-Info.plist"; sourceTree = "<group>"; };
		804B3DBF024069796F9F6FB7 /* Models.swift */ = {isa = PBXFileReference; includeInIndex = 1; lastKnownFileType = sourcecode.swift; name = Models.swift; path = Models/Models.swift; sourceTree = "<group>"; };
		81595E1D75357E424641EC7B /* Security.framework */ = {isa = PBXFileReference; lastKnownFileType = wrapper.framework; name = Security.framework; path = System/Library/Frameworks/Security.framework; sourceTree = SDKROOT; };
		81C770AB66891051949040BD /* UsageBeacon.app */ = {isa = PBXFileReference; explicitFileType = wrapper.application; includeInIndex = 0; path = UsageBeacon.app; sourceTree = BUILT_PRODUCTS_DIR; };
		82750300F1571CB4C143CEC4 /* BeaconDesignSystem.swift */ = {isa = PBXFileReference; includeInIndex = 1; lastKnownFileType = sourcecode.swift; name = BeaconDesignSystem.swift; path = UI/BeaconDesignSystem.swift; sourceTree = "<group>"; };
		8336DBC390550C3D07FA6F5F /* UsageBeacon-Info.plist */ = {isa = PBXFileReference; includeInIndex = 1; lastKnownFileType = text.plist.xml; path = "UsageBeacon-Info.plist"; sourceTree = "<group>"; };
		8A9D6C31D133DBB15FB6C9DE /* WorkingDayService.swift */ = {isa = PBXFileReference; includeInIndex = 1; lastKnownFileType = sourcecode.swift; name = WorkingDayService.swift; path = Services/WorkingDayService.swift; sourceTree = "<group>"; };
		919829F8C07E296C28D75101 /* SecretStore.swift */ = {isa = PBXFileReference; includeInIndex = 1; lastKnownFileType = sourcecode.swift; name = SecretStore.swift; path = Services/SecretStore.swift; sourceTree = "<group>"; };
		98C3CD007D3C90A08B5DF8B5 /* UsageBeaconWidget.swift */ = {isa = PBXFileReference; includeInIndex = 1; lastKnownFileType = sourcecode.swift; path = UsageBeaconWidget.swift; sourceTree = "<group>"; };
		A7082483FBDFA7CDDB40256E /* CursorPersonalProvider.swift */ = {isa = PBXFileReference; includeInIndex = 1; lastKnownFileType = sourcecode.swift; name = CursorPersonalProvider.swift; path = Providers/CursorPersonalProvider.swift; sourceTree = "<group>"; };
		A8E23EBA8E6CAF33323FCDF6 /* ClaudeDashboardSessionController.swift */ = {isa = PBXFileReference; includeInIndex = 1; lastKnownFileType = sourcecode.swift; name = ClaudeDashboardSessionController.swift; path = Services/ClaudeDashboardSessionController.swift; sourceTree = "<group>"; };
		AA23E4535B6103B0005338C8 /* EventKit.framework */ = {isa = PBXFileReference; lastKnownFileType = wrapper.framework; name = EventKit.framework; path = System/Library/Frameworks/EventKit.framework; sourceTree = SDKROOT; };
		ABC3616D9F93197141596954 /* AppModel.swift */ = {isa = PBXFileReference; includeInIndex = 1; lastKnownFileType = sourcecode.swift; path = AppModel.swift; sourceTree = "<group>"; };
		B179B33C7CD6FD69D20F69B3 /* CodexProvider.swift */ = {isa = PBXFileReference; includeInIndex = 1; lastKnownFileType = sourcecode.swift; name = CodexProvider.swift; path = Providers/CodexProvider.swift; sourceTree = "<group>"; };
		B19A3F0AC4CA6DC5EA368788 /* DebugCommandRunner.swift */ = {isa = PBXFileReference; includeInIndex = 1; lastKnownFileType = sourcecode.swift; name = DebugCommandRunner.swift; path = Diagnostics/DebugCommandRunner.swift; sourceTree = "<group>"; };
		BCCF301FC24077D8D6D99FBD /* CursorDashboardSessionController.swift */ = {isa = PBXFileReference; includeInIndex = 1; lastKnownFileType = sourcecode.swift; name = CursorDashboardSessionController.swift; path = Services/CursorDashboardSessionController.swift; sourceTree = "<group>"; };
		BDD312974877287B9A310ADE /* Carbon.framework */ = {isa = PBXFileReference; lastKnownFileType = wrapper.framework; name = Carbon.framework; path = System/Library/Frameworks/Carbon.framework; sourceTree = SDKROOT; };
		C24DCC0AA90F7D48A4CEECDB /* ConfigurationStore.swift */ = {isa = PBXFileReference; includeInIndex = 1; lastKnownFileType = sourcecode.swift; name = ConfigurationStore.swift; path = Services/ConfigurationStore.swift; sourceTree = "<group>"; };
		CB0EB12600080FA2C3EEA8AC /* CursorAdminProvider.swift */ = {isa = PBXFileReference; includeInIndex = 1; lastKnownFileType = sourcecode.swift; name = CursorAdminProvider.swift; path = Providers/CursorAdminProvider.swift; sourceTree = "<group>"; };
		CCD5E782ACB7BB419E90807D /* AnthropicAdminProvider.swift */ = {isa = PBXFileReference; includeInIndex = 1; lastKnownFileType = sourcecode.swift; name = AnthropicAdminProvider.swift; path = Providers/AnthropicAdminProvider.swift; sourceTree = "<group>"; };
		CCECB14B27BC8486573FE139 /* BudgetMath.swift */ = {isa = PBXFileReference; includeInIndex = 1; lastKnownFileType = sourcecode.swift; name = BudgetMath.swift; path = Services/BudgetMath.swift; sourceTree = "<group>"; };
		D02E722FA87AE1236548D7BF /* UsageBeaconApp.swift */ = {isa = PBXFileReference; includeInIndex = 1; lastKnownFileType = sourcecode.swift; path = UsageBeaconApp.swift; sourceTree = "<group>"; };
		D14FF1F2373A81631D7B823C /* ProviderResolver.swift */ = {isa = PBXFileReference; includeInIndex = 1; lastKnownFileType = sourcecode.swift; name = ProviderResolver.swift; path = Providers/ProviderResolver.swift; sourceTree = "<group>"; };
		E22FF6C6526D693F215076D1 /* FloatingPanelController.swift */ = {isa = PBXFileReference; includeInIndex = 1; lastKnownFileType = sourcecode.swift; name = FloatingPanelController.swift; path = Services/FloatingPanelController.swift; sourceTree = "<group>"; };
		E67266406F29D16F4CDC6A9B /* ManualBudgetProvider.swift */ = {isa = PBXFileReference; includeInIndex = 1; lastKnownFileType = sourcecode.swift; name = ManualBudgetProvider.swift; path = Providers/ManualBudgetProvider.swift; sourceTree = "<group>"; };
		E8470E5DF4E683FD1C83C2B6 /* Version.xcconfig */ = {isa = PBXFileReference; includeInIndex = 1; lastKnownFileType = text.xcconfig; path = Version.xcconfig; sourceTree = "<group>"; };
		ED64FB002C50AA34D063BD9F /* WebKit.framework */ = {isa = PBXFileReference; lastKnownFileType = wrapper.framework; name = WebKit.framework; path = System/Library/Frameworks/WebKit.framework; sourceTree = SDKROOT; };
		F0DC646C30EE8F5C74EA501D /* SwiftUI.framework */ = {isa = PBXFileReference; lastKnownFileType = wrapper.framework; name = SwiftUI.framework; path = System/Library/Frameworks/SwiftUI.framework; sourceTree = SDKROOT; };
		FBB65BADB21A43B1EFBB9E87 /* HTTPClient.swift */ = {isa = PBXFileReference; includeInIndex = 1; lastKnownFileType = sourcecode.swift; name = HTTPClient.swift; path = Services/HTTPClient.swift; sourceTree = "<group>"; };
		FE0E4DCC92FE085E95920DC7 /* libUsageBeaconShared.a */ = {isa = PBXFileReference; explicitFileType = archive.ar; includeInIndex = 0; path = libUsageBeaconShared.a; sourceTree = BUILT_PRODUCTS_DIR; };
/* End PBXFileReference section */

/* Begin PBXFrameworksBuildPhase section */
		A5AE8201B8C30AACC7291A4A /* Frameworks */ = {
			isa = PBXFrameworksBuildPhase;
			buildActionMask = 2147483647;
			files = (
				E252A5B443DA60920C23CED5 /* Cocoa.framework in Frameworks */,
				66AAFF4570331380C7E538A5 /* libUsageBeaconShared.a in Frameworks */,
				7736E644C5CBD420AA4330EB /* AppKit.framework in Frameworks */,
				FDBF4CB1294CF88142385810 /* Carbon.framework in Frameworks */,
				85C29EB076023CD437BC75A1 /* EventKit.framework in Frameworks */,
				2A2ED39E93F1BDCA2317D9C0 /* ServiceManagement.framework in Frameworks */,
				754E4065A4A98C9D0D7CBDC4 /* Security.framework in Frameworks */,
				120FEA3BB891BAFDBB263641 /* SwiftUI.framework in Frameworks */,
				9CD9D70AAAF22D9A39CA4DAD /* WebKit.framework in Frameworks */,
				BB6880820D75889031B1479B /* WidgetKit.framework in Frameworks */,
				09A589BAB42126C656B0B978 /* Sparkle in Frameworks */,
				FE62C5A9A91467340D620D27 /* FirebaseAnalytics in Frameworks */,
				8B4FD20D8AB51E0BF46733BB /* FirebaseCore in Frameworks */,
				F16821567ABD7DDE9314A33B /* FirebaseCrashlytics in Frameworks */,
			);
			runOnlyForDeploymentPostprocessing = 0;
		};
		CCF8BF0BD67E28926943823D /* Frameworks */ = {
			isa = PBXFrameworksBuildPhase;
			buildActionMask = 2147483647;
			files = (
				2896E5CC1AC8159E60F8882C /* Cocoa.framework in Frameworks */,
				FB03859FDBF5CBEE95BCEA7C /* libUsageBeaconShared.a in Frameworks */,
				ADAC595A6D6CE7EF87F9FF2D /* SwiftUI.framework in Frameworks */,
				EC47FFFD60E05F3D5766AFBA /* WidgetKit.framework in Frameworks */,
			);
			runOnlyForDeploymentPostprocessing = 0;
		};
		DFCBE5A7A471EE1026B8588D /* Frameworks */ = {
			isa = PBXFrameworksBuildPhase;
			buildActionMask = 2147483647;
			files = (
			);
			runOnlyForDeploymentPostprocessing = 0;
		};
/* End PBXFrameworksBuildPhase section */

/* Begin PBXGroup section */
		54442046977B14F2BDA1D022 /* Sources */ = {
			isa = PBXGroup;
			children = (
				645DA81EF6FBB3EB571888DF /* UsageBeaconShared */,
				A2140C02B24E11882550E1A2 /* UsageBeaconApp */,
				7DDE1E01DA94391AEE4631B7 /* UsageBeaconWidget */,
			);
			name = Sources;
			path = Sources;
			sourceTree = "<group>";
		};
		56E99BA85C0C16398A29E8C8 /* Products */ = {
			isa = PBXGroup;
			children = (
				FE0E4DCC92FE085E95920DC7 /* libUsageBeaconShared.a */,
				81C770AB66891051949040BD /* UsageBeacon.app */,
				6A2ED6D723473F300597A0FE /* UsageBeaconWidget.appex */,
			);
			name = Products;
			sourceTree = "<group>";
		};
		645DA81EF6FBB3EB571888DF /* UsageBeaconShared */ = {
			isa = PBXGroup;
			children = (
				77A019E9333E536DD093210C /* WidgetSnapshot.swift */,
			);
			name = UsageBeaconShared;
			path = UsageBeaconShared;
			sourceTree = "<group>";
		};
		6913FF268A02D08052E094EE = {
			isa = PBXGroup;
			children = (
				56E99BA85C0C16398A29E8C8 /* Products */,
				7D035A12C353AFA9CCA1D8E3 /* Frameworks */,
				54442046977B14F2BDA1D022 /* Sources */,
				FD4513B96388D60406A30941 /* Resources */,
				D37EBA92711A405844CCBAB2 /* Config */,
			);
			sourceTree = "<group>";
		};
		7D035A12C353AFA9CCA1D8E3 /* Frameworks */ = {
			isa = PBXGroup;
			children = (
				D1135E3020D55DA876C382FA /* OS X */,
				238513D5635355763E5BA56D /* AppKit.framework */,
				BDD312974877287B9A310ADE /* Carbon.framework */,
				AA23E4535B6103B0005338C8 /* EventKit.framework */,
				2C4A2FDCA8BB5B4FFF3ABAB9 /* ServiceManagement.framework */,
				81595E1D75357E424641EC7B /* Security.framework */,
				F0DC646C30EE8F5C74EA501D /* SwiftUI.framework */,
				ED64FB002C50AA34D063BD9F /* WebKit.framework */,
				793F6A46D3CFBD410F339D38 /* WidgetKit.framework */,
			);
			name = Frameworks;
			sourceTree = "<group>";
		};
		7DDE1E01DA94391AEE4631B7 /* UsageBeaconWidget */ = {
			isa = PBXGroup;
			children = (
				98C3CD007D3C90A08B5DF8B5 /* UsageBeaconWidget.swift */,
			);
			name = UsageBeaconWidget;
			path = UsageBeaconWidget;
			sourceTree = "<group>";
		};
		A2140C02B24E11882550E1A2 /* UsageBeaconApp */ = {
			isa = PBXGroup;
			children = (
				ABC3616D9F93197141596954 /* AppModel.swift */,
				B19A3F0AC4CA6DC5EA368788 /* DebugCommandRunner.swift */,
				804B3DBF024069796F9F6FB7 /* Models.swift */,
				CCD5E782ACB7BB419E90807D /* AnthropicAdminProvider.swift */,
				189BF27F252224E431471A80 /* ClaudePersonalProvider.swift */,
				B179B33C7CD6FD69D20F69B3 /* CodexProvider.swift */,
				CB0EB12600080FA2C3EEA8AC /* CursorAdminProvider.swift */,
				A7082483FBDFA7CDDB40256E /* CursorPersonalProvider.swift */,
				5E906E02BAF83374E9A3D7AF /* CustomRESTProvider.swift */,
				E67266406F29D16F4CDC6A9B /* ManualBudgetProvider.swift */,
				D14FF1F2373A81631D7B823C /* ProviderResolver.swift */,
				CCECB14B27BC8486573FE139 /* BudgetMath.swift */,
				A8E23EBA8E6CAF33323FCDF6 /* ClaudeDashboardSessionController.swift */,
				C24DCC0AA90F7D48A4CEECDB /* ConfigurationStore.swift */,
				BCCF301FC24077D8D6D99FBD /* CursorDashboardSessionController.swift */,
				E22FF6C6526D693F215076D1 /* FloatingPanelController.swift */,
				5A23AFE1D5E41B4E48920211 /* GlobalHotKeyController.swift */,
				FBB65BADB21A43B1EFBB9E87 /* HTTPClient.swift */,
				6A5528CBCAE637FFD970C1D8 /* LaunchAtLoginController.swift */,
				919829F8C07E296C28D75101 /* SecretStore.swift */,
				44C5F3EEB097F7FCCCB3300C /* TelemetryController.swift */,
				6C8783AC7E15CC2C4A6B4D60 /* UpdaterController.swift */,
				8A9D6C31D133DBB15FB6C9DE /* WorkingDayService.swift */,
				82750300F1571CB4C143CEC4 /* BeaconDesignSystem.swift */,
				20F5AB1135114A2D99A38DB4 /* MenuBarRootView.swift */,
				226DFCE62011F30A74BC4F5E /* SettingsView.swift */,
				D02E722FA87AE1236548D7BF /* UsageBeaconApp.swift */,
				CA9D0CFCE5A8691825CB0F32 /* Resources */,
			);
			name = UsageBeaconApp;
			path = UsageBeaconApp;
			sourceTree = "<group>";
		};
		CA9D0CFCE5A8691825CB0F32 /* Resources */ = {
			isa = PBXGroup;
			children = (
				0DB558AC46FBE0176D666FC2 /* GoogleService-Info.plist */,
			);
			name = Resources;
			path = Resources;
			sourceTree = "<group>";
		};
		D1135E3020D55DA876C382FA /* OS X */ = {
			isa = PBXGroup;
			children = (
				65DF1187F9E3A1A0C097AF18 /* Cocoa.framework */,
			);
			name = "OS X";
			sourceTree = "<group>";
		};
		D37EBA92711A405844CCBAB2 /* Config */ = {
			isa = PBXGroup;
			children = (
				E8470E5DF4E683FD1C83C2B6 /* Version.xcconfig */,
			);
			name = Config;
			path = Config;
			sourceTree = "<group>";
		};
		FD4513B96388D60406A30941 /* Resources */ = {
			isa = PBXGroup;
			children = (
				5AE979E22FF3E3A348CD053D /* AppIcon.icns */,
				8336DBC390550C3D07FA6F5F /* UsageBeacon-Info.plist */,
				7CE8F0D32010FAE1F281A5F0 /* UsageBeaconWidget-Info.plist */,
				38C26F3D09467A5732643EE3 /* UsageBeacon.entitlements */,
				72789C21594DDFE68EDA0EBB /* UsageBeaconWidget.entitlements */,
			);
			name = Resources;
			path = Resources;
			sourceTree = "<group>";
		};
/* End PBXGroup section */

/* Begin PBXHeadersBuildPhase section */
		030A94584BF56510430E411A /* Headers */ = {
			isa = PBXHeadersBuildPhase;
			buildActionMask = 2147483647;
			files = (
			);
			runOnlyForDeploymentPostprocessing = 0;
		};
/* End PBXHeadersBuildPhase section */

/* Begin PBXNativeTarget section */
		58A203CC9011FC1143157C4D /* UsageBeaconWidget */ = {
			isa = PBXNativeTarget;
			buildConfigurationList = C3CD43B8835932BABF45AE5A /* Build configuration list for PBXNativeTarget "UsageBeaconWidget" */;
			buildPhases = (
				E216BBC343F8029CBDCFDBE1 /* Sources */,
				CCF8BF0BD67E28926943823D /* Frameworks */,
				022A3F6FF971E05D7CFC3256 /* Resources */,
			);
			buildRules = (
			);
			dependencies = (
				EA13BFCCC51B21A0B4B59011 /* PBXTargetDependency */,
			);
			name = UsageBeaconWidget;
			productName = UsageBeaconWidget;
			productReference = 6A2ED6D723473F300597A0FE /* UsageBeaconWidget.appex */;
			productType = "com.apple.product-type.app-extension";
		};
		BED8F56A0A901EB64C057BE0 /* UsageBeaconShared */ = {
			isa = PBXNativeTarget;
			buildConfigurationList = 685E1558D02284BF58A6989A /* Build configuration list for PBXNativeTarget "UsageBeaconShared" */;
			buildPhases = (
				030A94584BF56510430E411A /* Headers */,
				E07B6B5220C87BDBDC59009E /* Sources */,
				DFCBE5A7A471EE1026B8588D /* Frameworks */,
			);
			buildRules = (
			);
			dependencies = (
			);
			name = UsageBeaconShared;
			productName = UsageBeaconShared;
			productReference = FE0E4DCC92FE085E95920DC7 /* libUsageBeaconShared.a */;
			productType = "com.apple.product-type.library.static";
		};
		FEFF8543F37363EEDDF881B0 /* UsageBeacon */ = {
			isa = PBXNativeTarget;
			buildConfigurationList = 4D07CE62F406EFB8DD859CC8 /* Build configuration list for PBXNativeTarget "UsageBeacon" */;
			buildPhases = (
				5F32C107AB272E125796D348 /* Sources */,
				A5AE8201B8C30AACC7291A4A /* Frameworks */,
				D1739A8AF2AD31171A702E61 /* Resources */,
				795F448AC485962E7878DACF /* Embed App Extensions */,
				8299C51CA199247D9BED6F8D /* Upload Crashlytics Symbols */,
			);
			buildRules = (
			);
			dependencies = (
				87B6E260E47A3F31AF83878F /* PBXTargetDependency */,
				B20335BEFBD805F9341829A8 /* PBXTargetDependency */,
			);
			name = UsageBeacon;
			packageProductDependencies = (
				3A79001075CA0A207EF4867C /* Sparkle */,
				F66CD4477534E64444EA414C /* FirebaseAnalytics */,
				A262B4CB92F5F04523A0F3BC /* FirebaseCore */,
				73D5304BC5EBB804F8FE3092 /* FirebaseCrashlytics */,
			);
			productName = UsageBeacon;
			productReference = 81C770AB66891051949040BD /* UsageBeacon.app */;
			productType = "com.apple.product-type.application";
		};
/* End PBXNativeTarget section */

/* Begin PBXProject section */
		D91D618920016D2C4E8E761F /* Project object */ = {
			isa = PBXProject;
			attributes = {
				LastSwiftUpdateCheck = 1610;
				LastUpgradeCheck = 1610;
			};
			buildConfigurationList = 079B2356C178233091796B1E /* Build configuration list for PBXProject "UsageBeacon" */;
			compatibilityVersion = "Xcode 3.2";
			developmentRegion = en;
			hasScannedForEncodings = 0;
			knownRegions = (
				en,
				Base,
			);
			mainGroup = 6913FF268A02D08052E094EE;
			minimizedProjectReferenceProxies = 0;
			packageReferences = (
				9CB674F72D5D65615D6A8552 /* XCRemoteSwiftPackageReference "Sparkle" */,
				F43B266A3E379E125086F55C /* XCRemoteSwiftPackageReference "firebase-ios-sdk" */,
			);
			preferredProjectObjectVersion = 77;
			productRefGroup = 56E99BA85C0C16398A29E8C8 /* Products */;
			projectDirPath = "";
			projectRoot = "";
			targets = (
				BED8F56A0A901EB64C057BE0 /* UsageBeaconShared */,
				FEFF8543F37363EEDDF881B0 /* UsageBeacon */,
				58A203CC9011FC1143157C4D /* UsageBeaconWidget */,
			);
		};
/* End PBXProject section */

/* Begin PBXResourcesBuildPhase section */
		022A3F6FF971E05D7CFC3256 /* Resources */ = {
			isa = PBXResourcesBuildPhase;
			buildActionMask = 2147483647;
			files = (
			);
			runOnlyForDeploymentPostprocessing = 0;
		};
		D1739A8AF2AD31171A702E61 /* Resources */ = {
			isa = PBXResourcesBuildPhase;
			buildActionMask = 2147483647;
			files = (
				0CEDDFF676DE9ED7B61573A8 /* GoogleService-Info.plist in Resources */,
				F6E69EA4337C65BBA1ADFFD8 /* AppIcon.icns in Resources */,
			);
			runOnlyForDeploymentPostprocessing = 0;
		};
/* End PBXResourcesBuildPhase section */

/* Begin PBXShellScriptBuildPhase section */
		8299C51CA199247D9BED6F8D /* Upload Crashlytics Symbols */ = {
			isa = PBXShellScriptBuildPhase;
			alwaysOutOfDate = 1;
			buildActionMask = 2147483647;
			files = (
			);
			inputFileListPaths = (
			);
			inputPaths = (
				"$(DWARF_DSYM_FOLDER_PATH)/$(DWARF_DSYM_FILE_NAME)",
				"$(DWARF_DSYM_FOLDER_PATH)/$(DWARF_DSYM_FILE_NAME)/Contents/Resources/DWARF/$(TARGET_NAME)",
				"$(DWARF_DSYM_FOLDER_PATH)/$(DWARF_DSYM_FILE_NAME)/Contents/Info.plist",
				"$(TARGET_BUILD_DIR)/$(UNLOCALIZED_RESOURCES_FOLDER_PATH)/GoogleService-Info.plist",
				"$(TARGET_BUILD_DIR)/$(EXECUTABLE_PATH)",
			);
			name = "Upload Crashlytics Symbols";
			outputFileListPaths = (
			);
			outputPaths = (
			);
			runOnlyForDeploymentPostprocessing = 0;
			shellPath = /bin/sh;
			shellScript = "if [[ \"${CONFIGURATION}\" == \"Release\" ]]; then\n  firebase_packages_root=\"${SOURCE_PACKAGES_DIR_PATH:-${BUILD_DIR%Build/*}SourcePackages}\"\n  \"${firebase_packages_root}/checkouts/firebase-ios-sdk/Crashlytics/run\"\nfi\n";
		};
/* End PBXShellScriptBuildPhase section */

/* Begin PBXSourcesBuildPhase section */
		5F32C107AB272E125796D348 /* Sources */ = {
			isa = PBXSourcesBuildPhase;
			buildActionMask = 2147483647;
			files = (
				A9124B0E213D676E8D88AA7D /* AppModel.swift in Sources */,
				D86E98B5D70728F6BE6AEEDF /* DebugCommandRunner.swift in Sources */,
				1CBA5B07B6F671629BADF751 /* Models.swift in Sources */,
				A9B54DFDD4E2F21D40D91A70 /* AnthropicAdminProvider.swift in Sources */,
				BB4AF5E887F0AA97FDD8A3A2 /* ClaudePersonalProvider.swift in Sources */,
				8B6E1F009457A88DBFBE8DE7 /* CodexProvider.swift in Sources */,
				9C7BC3C18B271041E16B966F /* CursorAdminProvider.swift in Sources */,
				C88BDC8C76EF680C6E385010 /* CursorPersonalProvider.swift in Sources */,
				585764ECB24D98BE0958EE94 /* CustomRESTProvider.swift in Sources */,
				31A99BCEB12F6F8D546AD65F /* ManualBudgetProvider.swift in Sources */,
				F38C2FB3E33810B3004D50C0 /* ProviderResolver.swift in Sources */,
				D0EF69D0B0FEC2E197B2ABD5 /* BudgetMath.swift in Sources */,
				97CB78C87BE2FF20184F97B3 /* ClaudeDashboardSessionController.swift in Sources */,
				A11BF28594B6CADFE5BA05BE /* ConfigurationStore.swift in Sources */,
				0E1230841763118045207189 /* CursorDashboardSessionController.swift in Sources */,
				C1D309F6B9063BEC2673FA41 /* FloatingPanelController.swift in Sources */,
				03AFB6E56D541801D1A8443B /* GlobalHotKeyController.swift in Sources */,
				1F3B8E659B291ED29BB8EC3F /* HTTPClient.swift in Sources */,
				70ED6D5AC044569DA6289D53 /* LaunchAtLoginController.swift in Sources */,
				75C1EBB2367B37FC28EA6D65 /* SecretStore.swift in Sources */,
				C297B5AB43F7D12ED0B1D4A9 /* TelemetryController.swift in Sources */,
				53D839801DF44A9A166D5D88 /* UpdaterController.swift in Sources */,
				3C9E42BF7A69C6A3EF5CF628 /* WorkingDayService.swift in Sources */,
				1DA96FA23D02A0224D6729D0 /* BeaconDesignSystem.swift in Sources */,
				E14BCBF067182378D76DDBC0 /* MenuBarRootView.swift in Sources */,
				B3DA93BCB1FC0E27801701E0 /* SettingsView.swift in Sources */,
				0CCF5B9FA817324B5C30FC54 /* UsageBeaconApp.swift in Sources */,
			);
			runOnlyForDeploymentPostprocessing = 0;
		};
		E07B6B5220C87BDBDC59009E /* Sources */ = {
			isa = PBXSourcesBuildPhase;
			buildActionMask = 2147483647;
			files = (
				9BA66F3A3333131259FDA4F0 /* WidgetSnapshot.swift in Sources */,
			);
			runOnlyForDeploymentPostprocessing = 0;
		};
		E216BBC343F8029CBDCFDBE1 /* Sources */ = {
			isa = PBXSourcesBuildPhase;
			buildActionMask = 2147483647;
			files = (
				B54DCB3984693AD443E0EA22 /* UsageBeaconWidget.swift in Sources */,
			);
			runOnlyForDeploymentPostprocessing = 0;
		};
/* End PBXSourcesBuildPhase section */

/* Begin PBXTargetDependency section */
		87B6E260E47A3F31AF83878F /* PBXTargetDependency */ = {
			isa = PBXTargetDependency;
			name = UsageBeaconShared;
			target = BED8F56A0A901EB64C057BE0 /* UsageBeaconShared */;
			targetProxy = DBD2B94577F1325304C79637 /* PBXContainerItemProxy */;
		};
		B20335BEFBD805F9341829A8 /* PBXTargetDependency */ = {
			isa = PBXTargetDependency;
			name = UsageBeaconWidget;
			target = 58A203CC9011FC1143157C4D /* UsageBeaconWidget */;
			targetProxy = 948064F875D0EFB1013E837D /* PBXContainerItemProxy */;
		};
		EA13BFCCC51B21A0B4B59011 /* PBXTargetDependency */ = {
			isa = PBXTargetDependency;
			name = UsageBeaconShared;
			target = BED8F56A0A901EB64C057BE0 /* UsageBeaconShared */;
			targetProxy = 6E648A99FB920D261F1C3754 /* PBXContainerItemProxy */;
		};
/* End PBXTargetDependency section */

/* Begin XCBuildConfiguration section */
		078F105D6469024180DD52DB /* Release */ = {
			isa = XCBuildConfiguration;
			buildSettings = {
				ALWAYS_SEARCH_USER_PATHS = NO;
				CLANG_ANALYZER_NONNULL = YES;
				CLANG_ANALYZER_NUMBER_OBJECT_CONVERSION = YES_AGGRESSIVE;
				CLANG_CXX_LANGUAGE_STANDARD = "gnu++14";
				CLANG_CXX_LIBRARY = "libc++";
				CLANG_ENABLE_MODULES = YES;
				CLANG_ENABLE_OBJC_ARC = YES;
				CLANG_ENABLE_OBJC_WEAK = YES;
				CLANG_WARN_BLOCK_CAPTURE_AUTORELEASING = YES;
				CLANG_WARN_BOOL_CONVERSION = YES;
				CLANG_WARN_COMMA = YES;
				CLANG_WARN_CONSTANT_CONVERSION = YES;
				CLANG_WARN_DEPRECATED_OBJC_IMPLEMENTATIONS = YES;
				CLANG_WARN_DIRECT_OBJC_ISA_USAGE = YES_ERROR;
				CLANG_WARN_DOCUMENTATION_COMMENTS = YES;
				CLANG_WARN_EMPTY_BODY = YES;
				CLANG_WARN_ENUM_CONVERSION = YES;
				CLANG_WARN_INFINITE_RECURSION = YES;
				CLANG_WARN_INT_CONVERSION = YES;
				CLANG_WARN_NON_LITERAL_NULL_CONVERSION = YES;
				CLANG_WARN_OBJC_IMPLICIT_RETAIN_SELF = YES;
				CLANG_WARN_OBJC_LITERAL_CONVERSION = YES;
				CLANG_WARN_OBJC_ROOT_CLASS = YES_ERROR;
				CLANG_WARN_QUOTED_INCLUDE_IN_FRAMEWORK_HEADER = YES;
				CLANG_WARN_RANGE_LOOP_ANALYSIS = YES;
				CLANG_WARN_STRICT_PROTOTYPES = YES;
				CLANG_WARN_SUSPICIOUS_MOVE = YES;
				CLANG_WARN_UNGUARDED_AVAILABILITY = YES_AGGRESSIVE;
				CLANG_WARN_UNREACHABLE_CODE = YES;
				CLANG_WARN__DUPLICATE_METHOD_MATCH = YES;
				COPY_PHASE_STRIP = NO;
				DEBUG_INFORMATION_FORMAT = "dwarf-with-dsym";
				ENABLE_NS_ASSERTIONS = NO;
				ENABLE_STRICT_OBJC_MSGSEND = YES;
				GCC_C_LANGUAGE_STANDARD = gnu11;
				GCC_NO_COMMON_BLOCKS = YES;
				GCC_WARN_64_TO_32_BIT_CONVERSION = YES;
				GCC_WARN_ABOUT_RETURN_TYPE = YES_ERROR;
				GCC_WARN_UNDECLARED_SELECTOR = YES;
				GCC_WARN_UNINITIALIZED_AUTOS = YES_AGGRESSIVE;
				GCC_WARN_UNUSED_FUNCTION = YES;
				GCC_WARN_UNUSED_VARIABLE = YES;
				MTL_ENABLE_DEBUG_INFO = NO;
				MTL_FAST_MATH = YES;
				PRODUCT_NAME = "$(TARGET_NAME)";
				SWIFT_COMPILATION_MODE = wholemodule;
				SWIFT_OPTIMIZATION_LEVEL = "-O";
				SWIFT_VERSION = 5.0;
			};
			name = Release;
		};
		1777E3F7072E1282776048EA /* Release */ = {
			isa = XCBuildConfiguration;
			baseConfigurationReference = E8470E5DF4E683FD1C83C2B6 /* Version.xcconfig */;
			buildSettings = {
				APPLICATION_EXTENSION_API_ONLY = YES;
				CLANG_ENABLE_MODULES = YES;
				CODE_SIGN_ENTITLEMENTS = Resources/UsageBeaconWidget.entitlements;
				CODE_SIGN_STYLE = Manual;
				DEVELOPMENT_TEAM = Y3XM9Q3AZT;
				ENABLE_HARDENED_RUNTIME = YES;
				ENABLE_USER_SCRIPT_SANDBOXING = NO;
				INFOPLIST_FILE = "Resources/UsageBeaconWidget-Info.plist";
				LD_RUNPATH_SEARCH_PATHS = "$(inherited) @executable_path/../Frameworks @executable_path/../../../../Frameworks";
				MACOSX_DEPLOYMENT_TARGET = 14.0;
				ONLY_ACTIVE_ARCH = NO;
				PRODUCT_BUNDLE_IDENTIFIER = com.rekindle.usagebeacon.widget;
				PRODUCT_NAME = UsageBeaconWidget;
				SDKROOT = macosx;
				SKIP_INSTALL = YES;
				SWIFT_VERSION = 6.0;
			};
			name = Release;
		};
		2C8737F6EA003947F7175050 /* Debug */ = {
			isa = XCBuildConfiguration;
			baseConfigurationReference = E8470E5DF4E683FD1C83C2B6 /* Version.xcconfig */;
			buildSettings = {
				CLANG_ENABLE_MODULES = YES;
				CODE_SIGN_STYLE = Manual;
				DEFINES_MODULE = YES;
				DEVELOPMENT_TEAM = Y3XM9Q3AZT;
				ENABLE_HARDENED_RUNTIME = YES;
				ENABLE_USER_SCRIPT_SANDBOXING = NO;
				EXECUTABLE_PREFIX = lib;
				MACOSX_DEPLOYMENT_TARGET = 14.0;
				ONLY_ACTIVE_ARCH = YES;
				PRODUCT_NAME = UsageBeaconShared;
				SDKROOT = macosx;
				SKIP_INSTALL = YES;
				SWIFT_VERSION = 6.0;
			};
			name = Debug;
		};
		636E26E8B8C02E9BEAE31A08 /* Debug */ = {
			isa = XCBuildConfiguration;
			baseConfigurationReference = E8470E5DF4E683FD1C83C2B6 /* Version.xcconfig */;
			buildSettings = {
				APPLICATION_EXTENSION_API_ONLY = YES;
				CLANG_ENABLE_MODULES = YES;
				CODE_SIGN_ENTITLEMENTS = Resources/UsageBeaconWidget.entitlements;
				CODE_SIGN_STYLE = Manual;
				DEVELOPMENT_TEAM = Y3XM9Q3AZT;
				ENABLE_HARDENED_RUNTIME = YES;
				ENABLE_USER_SCRIPT_SANDBOXING = NO;
				INFOPLIST_FILE = "Resources/UsageBeaconWidget-Info.plist";
				LD_RUNPATH_SEARCH_PATHS = "$(inherited) @executable_path/../Frameworks @executable_path/../../../../Frameworks";
				MACOSX_DEPLOYMENT_TARGET = 14.0;
				ONLY_ACTIVE_ARCH = YES;
				PRODUCT_BUNDLE_IDENTIFIER = com.rekindle.usagebeacon.widget;
				PRODUCT_NAME = UsageBeaconWidget;
				SDKROOT = macosx;
				SKIP_INSTALL = YES;
				SWIFT_VERSION = 6.0;
			};
			name = Debug;
		};
		B972FDF43F79CE1576D41892 /* Release */ = {
			isa = XCBuildConfiguration;
			baseConfigurationReference = E8470E5DF4E683FD1C83C2B6 /* Version.xcconfig */;
			buildSettings = {
				CLANG_ENABLE_MODULES = YES;
				CODE_SIGN_STYLE = Manual;
				DEFINES_MODULE = YES;
				DEVELOPMENT_TEAM = Y3XM9Q3AZT;
				ENABLE_HARDENED_RUNTIME = YES;
				ENABLE_USER_SCRIPT_SANDBOXING = NO;
				EXECUTABLE_PREFIX = lib;
				MACOSX_DEPLOYMENT_TARGET = 14.0;
				ONLY_ACTIVE_ARCH = NO;
				PRODUCT_NAME = UsageBeaconShared;
				SDKROOT = macosx;
				SKIP_INSTALL = YES;
				SWIFT_VERSION = 6.0;
			};
			name = Release;
		};
		BCF2D6B5C8349B17031068C2 /* Debug */ = {
			isa = XCBuildConfiguration;
			buildSettings = {
				ALWAYS_SEARCH_USER_PATHS = NO;
				CLANG_ANALYZER_NONNULL = YES;
				CLANG_ANALYZER_NUMBER_OBJECT_CONVERSION = YES_AGGRESSIVE;
				CLANG_CXX_LANGUAGE_STANDARD = "gnu++14";
				CLANG_CXX_LIBRARY = "libc++";
				CLANG_ENABLE_MODULES = YES;
				CLANG_ENABLE_OBJC_ARC = YES;
				CLANG_ENABLE_OBJC_WEAK = YES;
				CLANG_WARN_BLOCK_CAPTURE_AUTORELEASING = YES;
				CLANG_WARN_BOOL_CONVERSION = YES;
				CLANG_WARN_COMMA = YES;
				CLANG_WARN_CONSTANT_CONVERSION = YES;
				CLANG_WARN_DEPRECATED_OBJC_IMPLEMENTATIONS = YES;
				CLANG_WARN_DIRECT_OBJC_ISA_USAGE = YES_ERROR;
				CLANG_WARN_DOCUMENTATION_COMMENTS = YES;
				CLANG_WARN_EMPTY_BODY = YES;
				CLANG_WARN_ENUM_CONVERSION = YES;
				CLANG_WARN_INFINITE_RECURSION = YES;
				CLANG_WARN_INT_CONVERSION = YES;
				CLANG_WARN_NON_LITERAL_NULL_CONVERSION = YES;
				CLANG_WARN_OBJC_IMPLICIT_RETAIN_SELF = YES;
				CLANG_WARN_OBJC_LITERAL_CONVERSION = YES;
				CLANG_WARN_OBJC_ROOT_CLASS = YES_ERROR;
				CLANG_WARN_QUOTED_INCLUDE_IN_FRAMEWORK_HEADER = YES;
				CLANG_WARN_RANGE_LOOP_ANALYSIS = YES;
				CLANG_WARN_STRICT_PROTOTYPES = YES;
				CLANG_WARN_SUSPICIOUS_MOVE = YES;
				CLANG_WARN_UNGUARDED_AVAILABILITY = YES_AGGRESSIVE;
				CLANG_WARN_UNREACHABLE_CODE = YES;
				CLANG_WARN__DUPLICATE_METHOD_MATCH = YES;
				COPY_PHASE_STRIP = NO;
				DEBUG_INFORMATION_FORMAT = dwarf;
				ENABLE_STRICT_OBJC_MSGSEND = YES;
				ENABLE_TESTABILITY = YES;
				GCC_C_LANGUAGE_STANDARD = gnu11;
				GCC_DYNAMIC_NO_PIC = NO;
				GCC_NO_COMMON_BLOCKS = YES;
				GCC_OPTIMIZATION_LEVEL = 0;
				GCC_PREPROCESSOR_DEFINITIONS = (
					"DEBUG=1",
					"$(inherited)",
				);
				GCC_WARN_64_TO_32_BIT_CONVERSION = YES;
				GCC_WARN_ABOUT_RETURN_TYPE = YES_ERROR;
				GCC_WARN_UNDECLARED_SELECTOR = YES;
				GCC_WARN_UNINITIALIZED_AUTOS = YES_AGGRESSIVE;
				GCC_WARN_UNUSED_FUNCTION = YES;
				GCC_WARN_UNUSED_VARIABLE = YES;
				MTL_ENABLE_DEBUG_INFO = INCLUDE_SOURCE;
				MTL_FAST_MATH = YES;
				ONLY_ACTIVE_ARCH = YES;
				PRODUCT_NAME = "$(TARGET_NAME)";
				SWIFT_ACTIVE_COMPILATION_CONDITIONS = DEBUG;
				SWIFT_OPTIMIZATION_LEVEL = "-Onone";
				SWIFT_VERSION = 5.0;
			};
			name = Debug;
		};
		DB614392C4A989171EA08A80 /* Release */ = {
			isa = XCBuildConfiguration;
			baseConfigurationReference = E8470E5DF4E683FD1C83C2B6 /* Version.xcconfig */;
			buildSettings = {
				ASSETCATALOG_COMPILER_APPICON_NAME = AppIcon;
				ASSETCATALOG_COMPILER_GLOBAL_ACCENT_COLOR_NAME = AccentColor;
				CLANG_ENABLE_MODULES = YES;
				CODE_SIGN_ENTITLEMENTS = Resources/UsageBeacon.entitlements;
				CODE_SIGN_STYLE = Manual;
				COMBINE_HIDPI_IMAGES = YES;
				DEVELOPMENT_TEAM = Y3XM9Q3AZT;
				ENABLE_HARDENED_RUNTIME = YES;
				ENABLE_USER_SCRIPT_SANDBOXING = NO;
				INFOPLIST_FILE = "Resources/UsageBeacon-Info.plist";
				LD_RUNPATH_SEARCH_PATHS = "$(inherited) @executable_path/../Frameworks";
				MACOSX_DEPLOYMENT_TARGET = 14.0;
				ONLY_ACTIVE_ARCH = NO;
				PRODUCT_BUNDLE_IDENTIFIER = com.rekindle.usagebeacon;
				PRODUCT_MODULE_NAME = UsageBeaconApp;
				PRODUCT_NAME = UsageBeacon;
				SDKROOT = macosx;
				SKIP_INSTALL = NO;
				SWIFT_VERSION = 6.0;
			};
			name = Release;
		};
		E7FB0F9DC84FE22C2EE225E0 /* Debug */ = {
			isa = XCBuildConfiguration;
			baseConfigurationReference = E8470E5DF4E683FD1C83C2B6 /* Version.xcconfig */;
			buildSettings = {
				ASSETCATALOG_COMPILER_APPICON_NAME = AppIcon;
				ASSETCATALOG_COMPILER_GLOBAL_ACCENT_COLOR_NAME = AccentColor;
				CLANG_ENABLE_MODULES = YES;
				CODE_SIGN_ENTITLEMENTS = Resources/UsageBeacon.entitlements;
				CODE_SIGN_STYLE = Manual;
				COMBINE_HIDPI_IMAGES = YES;
				DEVELOPMENT_TEAM = Y3XM9Q3AZT;
				ENABLE_HARDENED_RUNTIME = YES;
				ENABLE_USER_SCRIPT_SANDBOXING = NO;
				INFOPLIST_FILE = "Resources/UsageBeacon-Info.plist";
				LD_RUNPATH_SEARCH_PATHS = "$(inherited) @executable_path/../Frameworks";
				MACOSX_DEPLOYMENT_TARGET = 14.0;
				ONLY_ACTIVE_ARCH = YES;
				PRODUCT_BUNDLE_IDENTIFIER = com.rekindle.usagebeacon;
				PRODUCT_MODULE_NAME = UsageBeaconApp;
				PRODUCT_NAME = UsageBeacon;
				SDKROOT = macosx;
				SKIP_INSTALL = NO;
				SWIFT_VERSION = 6.0;
			};
			name = Debug;
		};
/* End XCBuildConfiguration section */

/* Begin XCConfigurationList section */
		079B2356C178233091796B1E /* Build configuration list for PBXProject "UsageBeacon" */ = {
			isa = XCConfigurationList;
			buildConfigurations = (
				BCF2D6B5C8349B17031068C2 /* Debug */,
				078F105D6469024180DD52DB /* Release */,
			);
			defaultConfigurationIsVisible = 0;
			defaultConfigurationName = Release;
		};
		4D07CE62F406EFB8DD859CC8 /* Build configuration list for PBXNativeTarget "UsageBeacon" */ = {
			isa = XCConfigurationList;
			buildConfigurations = (
				DB614392C4A989171EA08A80 /* Release */,
				E7FB0F9DC84FE22C2EE225E0 /* Debug */,
			);
			defaultConfigurationIsVisible = 0;
			defaultConfigurationName = Release;
		};
		685E1558D02284BF58A6989A /* Build configuration list for PBXNativeTarget "UsageBeaconShared" */ = {
			isa = XCConfigurationList;
			buildConfigurations = (
				B972FDF43F79CE1576D41892 /* Release */,
				2C8737F6EA003947F7175050 /* Debug */,
			);
			defaultConfigurationIsVisible = 0;
			defaultConfigurationName = Release;
		};
		C3CD43B8835932BABF45AE5A /* Build configuration list for PBXNativeTarget "UsageBeaconWidget" */ = {
			isa = XCConfigurationList;
			buildConfigurations = (
				1777E3F7072E1282776048EA /* Release */,
				636E26E8B8C02E9BEAE31A08 /* Debug */,
			);
			defaultConfigurationIsVisible = 0;
			defaultConfigurationName = Release;
		};
/* End XCConfigurationList section */

/* Begin XCRemoteSwiftPackageReference section */
		9CB674F72D5D65615D6A8552 /* XCRemoteSwiftPackageReference "Sparkle" */ = {
			isa = XCRemoteSwiftPackageReference;
			repositoryURL = "https://github.com/sparkle-project/Sparkle";
			requirement = {
				kind = exactVersion;
				version = 2.9.6;
			};
		};
		F43B266A3E379E125086F55C /* XCRemoteSwiftPackageReference "firebase-ios-sdk" */ = {
			isa = XCRemoteSwiftPackageReference;
			repositoryURL = "https://github.com/firebase/firebase-ios-sdk.git";
			requirement = {
				kind = exactVersion;
				version = 12.12.1;
			};
		};
/* End XCRemoteSwiftPackageReference section */

/* Begin XCSwiftPackageProductDependency section */
		3A79001075CA0A207EF4867C /* Sparkle */ = {
			isa = XCSwiftPackageProductDependency;
			package = 9CB674F72D5D65615D6A8552 /* XCRemoteSwiftPackageReference "Sparkle" */;
			productName = Sparkle;
		};
		73D5304BC5EBB804F8FE3092 /* FirebaseCrashlytics */ = {
			isa = XCSwiftPackageProductDependency;
			package = F43B266A3E379E125086F55C /* XCRemoteSwiftPackageReference "firebase-ios-sdk" */;
			productName = FirebaseCrashlytics;
		};
		A262B4CB92F5F04523A0F3BC /* FirebaseCore */ = {
			isa = XCSwiftPackageProductDependency;
			package = F43B266A3E379E125086F55C /* XCRemoteSwiftPackageReference "firebase-ios-sdk" */;
			productName = FirebaseCore;
		};
		F66CD4477534E64444EA414C /* FirebaseAnalytics */ = {
			isa = XCSwiftPackageProductDependency;
			package = F43B266A3E379E125086F55C /* XCRemoteSwiftPackageReference "firebase-ios-sdk" */;
			productName = FirebaseAnalytics;
		};
/* End XCSwiftPackageProductDependency section */
	};
	rootObject = D91D618920016D2C4E8E761F /* Project object */;
}
